
Microsoft Visual Studio Solution File, Format Version 12.00
# Visual Studio 14
VisualStudioVersion = 14.0.24720.0
MinimumVisualStudioVersion = 10.0.40219.1
Project("{FAE04EC0-301F-11D3-BF4B-00C04F79EFBC}") = "Cato.Shared", "Cato.Shared\Cato.Shared.csproj", "{6C5C7685-5B5E-4BCF-B105-1F13A378ABB3}"
EndProject
Project("{FAE04EC0-301F-11D3-BF4B-00C04F79EFBC}") = "Cato.Web", "Cato.Web\Cato.Web.csproj", "{86C33657-C9EA-498F-81BA-6B3CB6FA24B2}"
EndProject
Project("{CC5FD16D-436D-48AD-A40C-5A424C6E3E79}") = "Cato.Azure", "Cato.Azure\Cato.Azure.ccproj", "{F658ACD1-B606-4B78-AC0B-C2BDB433AA99}"
EndProject
Project("{FAE04EC0-301F-11D3-BF4B-00C04F79EFBC}") = "Cato.Worker", "Cato.Worker\Cato.Worker.csproj", "{020170BD-D2EC-4C0E-A2AF-0CA26F10F4CE}"
EndProject
Project("{2150E333-8FDC-42A3-9474-1A3956D46DE8}") = "Solution Items", "Solution Items", "{FD00F484-73A2-40E9-979B-CF4AD30B1C5F}"
EndProject
Global
	GlobalSection(SolutionConfigurationPlatforms) = preSolution
		Debug|Any CPU = Debug|Any CPU
		Release|Any CPU = Release|Any CPU
	EndGlobalSection
	GlobalSection(ProjectConfigurationPlatforms) = postSolution
		{6C5C7685-5B5E-4BCF-B105-1F13A378ABB3}.Debug|Any CPU.ActiveCfg = Debug|Any CPU
		{6C5C7685-5B5E-4BCF-B105-1F13A378ABB3}.Debug|Any CPU.Build.0 = Debug|Any CPU
		{6C5C7685-5B5E-4BCF-B105-1F13A378ABB3}.Release|Any CPU.ActiveCfg = Release|Any CPU
		{6C5C7685-5B5E-4BCF-B105-1F13A378ABB3}.Release|Any CPU.Build.0 = Release|Any CPU
		{86C33657-C9EA-498F-81BA-6B3CB6FA24B2}.Debug|Any CPU.ActiveCfg = Debug|Any CPU
		{86C33657-C9EA-498F-81BA-6B3CB6FA24B2}.Debug|Any CPU.Build.0 = Debug|Any CPU
		{86C33657-C9EA-498F-81BA-6B3CB6FA24B2}.Release|Any CPU.ActiveCfg = Release|Any CPU
		{86C33657-C9EA-498F-81BA-6B3CB6FA24B2}.Release|Any CPU.Build.0 = Release|Any CPU
		{F658ACD1-B606-4B78-AC0B-C2BDB433AA99}.Debug|Any CPU.ActiveCfg = Debug|Any CPU
		{F658ACD1-B606-4B78-AC0B-C2BDB433AA99}.Debug|Any CPU.Build.0 = Debug|Any CPU
		{F658ACD1-B606-4B78-AC0B-C2BDB433AA99}.Release|Any CPU.ActiveCfg = Release|Any CPU
		{F658ACD1-B606-4B78-AC0B-C2BDB433AA99}.Release|Any CPU.Build.0 = Release|Any CPU
		{020170BD-D2EC-4C0E-A2AF-0CA26F10F4CE}.Debug|Any CPU.ActiveCfg = Debug|Any CPU
		{020170BD-D2EC-4C0E-A2AF-0CA26F10F4CE}.Debug|Any CPU.Build.0 = Debug|Any CPU
		{020170BD-D2EC-4C0E-A2AF-0CA26F10F4CE}.Release|Any CPU.ActiveCfg = Release|Any CPU
		{020170BD-D2EC-4C0E-A2AF-0CA26F10F4CE}.Release|Any CPU.Build.0 = Release|Any CPU
	EndGlobalSection
	GlobalSection(SolutionProperties) = preSolution
		HideSolutionNode = FALSE
	EndGlobalSection
EndGlobal
